
Microsoft Visual Studio Solution File, Format Version 12.00
# Visual Studio Version 16
VisualStudioVersion = 16.0.30413.136
MinimumVisualStudioVersion = 10.0.40219.1
Project("{9A19103F-16F7-4668-BE54-9A1E7A4F7556}") = "ContosoCrafts.Website", "ContosoCrafts.Website\ContosoCrafts.Website.csproj", "{DCC2BBFD-7265-459E-BAC4-010CBC4E17E9}"
EndProject
Global
	GlobalSection(SolutionConfigurationPlatforms) = preSolution
		Debug|Any CPU = Debug|Any CPU
		Release|Any CPU = Release|Any CPU
	EndGlobalSection
	GlobalSection(ProjectConfigurationPlatforms) = postSolution
		{DCC2BBFD-7265-459E-BAC4-010CBC4E17E9}.Debug|Any CPU.ActiveCfg = Debug|Any CPU
		{DCC2BBFD-7265-459E-BAC4-010CBC4E17E9}.Debug|Any CPU.Build.0 = Debug|Any CPU
		{DCC2BBFD-7265-459E-BAC4-010CBC4E17E9}.Release|Any CPU.ActiveCfg = Release|Any CPU
		{DCC2BBFD-7265-459E-BAC4-010CBC4E17E9}.Release|Any CPU.Build.0 = Release|Any CPU
	EndGlobalSection
	GlobalSection(SolutionProperties) = preSolution
		HideSolutionNode = FALSE
	EndGlobalSection
	GlobalSection(ExtensibilityGlobals) = postSolution
		SolutionGuid = {27402659-9D22-40C6-A5A3-4FE6EAD7A2A0}
	EndGlobalSection
EndGlobal
