
Microsoft Visual Studio Solution File, Format Version 12.00
# Visual Studio Version 16
VisualStudioVersion = 16.0.30413.136
MinimumVisualStudioVersion = 10.0.40219.1
Project("{FAE04EC0-301F-11D3-BF4B-00C04F79EFBC}") = "Practice3", "Practice3\Practice3.csproj", "{40DBD1AD-3BC9-499F-A866-0D0A75F5C66B}"
EndProject
Global
	GlobalSection(SolutionConfigurationPlatforms) = preSolution
		Debug|Any CPU = Debug|Any CPU
		Release|Any CPU = Release|Any CPU
	EndGlobalSection
	GlobalSection(ProjectConfigurationPlatforms) = postSolution
		{40DBD1AD-3BC9-499F-A866-0D0A75F5C66B}.Debug|Any CPU.ActiveCfg = Debug|Any CPU
		{40DBD1AD-3BC9-499F-A866-0D0A75F5C66B}.Debug|Any CPU.Build.0 = Debug|Any CPU
		{40DBD1AD-3BC9-499F-A866-0D0A75F5C66B}.Release|Any CPU.ActiveCfg = Release|Any CPU
		{40DBD1AD-3BC9-499F-A866-0D0A75F5C66B}.Release|Any CPU.Build.0 = Release|Any CPU
	EndGlobalSection
	GlobalSection(SolutionProperties) = preSolution
		HideSolutionNode = FALSE
	EndGlobalSection
	GlobalSection(ExtensibilityGlobals) = postSolution
		SolutionGuid = {244816D0-DCC2-4D2C-BE46-6F49271392C8}
	EndGlobalSection
EndGlobal
